
Microsoft Visual Studio Solution File, Format Version 12.00
# Visual Studio Version 16
VisualStudioVersion = 16.0.31702.278
MinimumVisualStudioVersion = 10.0.40219.1
Project("{FAE04EC0-301F-11D3-BF4B-00C04F79EFBC}") = "Sistema de escaneo", "Sistema de escaneo\Sistema de escaneo.csproj", "{40FDDF0D-94ED-48C8-931C-8E9471D40B9F}"
EndProject
Global
	GlobalSection(SolutionConfigurationPlatforms) = preSolution
		Debug|Any CPU = Debug|Any CPU
		Release|Any CPU = Release|Any CPU
	EndGlobalSection
	GlobalSection(ProjectConfigurationPlatforms) = postSolution
		{40FDDF0D-94ED-48C8-931C-8E9471D40B9F}.Debug|Any CPU.ActiveCfg = Debug|Any CPU
		{40FDDF0D-94ED-48C8-931C-8E9471D40B9F}.Debug|Any CPU.Build.0 = Debug|Any CPU
		{40FDDF0D-94ED-48C8-931C-8E9471D40B9F}.Release|Any CPU.ActiveCfg = Release|Any CPU
		{40FDDF0D-94ED-48C8-931C-8E9471D40B9F}.Release|Any CPU.Build.0 = Release|Any CPU
	EndGlobalSection
	GlobalSection(SolutionProperties) = preSolution
		HideSolutionNode = FALSE
	EndGlobalSection
	GlobalSection(ExtensibilityGlobals) = postSolution
		SolutionGuid = {C148FCD1-5831-4B01-B520-82998B69E88E}
	EndGlobalSection
EndGlobal
